// !$*UTF8*$!
{
	archiveVersion = 1;
	classes = {
	};
	objectVersion = 48;
	objects = {

/* Begin PBXBuildFile section */
		53964A0E765000DD799BD536 /* libPods-B_Category.a in Frameworks */ = {isa = PBXBuildFile; fileRef = BCA13624DA1DD171792E5698 /* libPods-B_Category.a */; };
		F77593C82017212A00E351FB /* AppDelegate.m in Sources */ = {isa = PBXBuildFile; fileRef = F77593C72017212A00E351FB /* AppDelegate.m */; };
		F77593CB2017212A00E351FB /* ViewController.m in Sources */ = {isa = PBXBuildFile; fileRef = F77593CA2017212A00E351FB /* ViewController.m */; };
		F77593CE2017212A00E351FB /* Main.storyboard in Resources */ = {isa = PBXBuildFile; fileRef = F77593CC2017212A00E351FB /* Main.storyboard */; };
		F77593D02017212A00E351FB /* Assets.xcassets in Resources */ = {isa = PBXBuildFile; fileRef = F77593CF2017212A00E351FB /* Assets.xcassets */; };
		F77593D32017212A00E351FB /* LaunchScreen.storyboard in Resources */ = {isa = PBXBuildFile; fileRef = F77593D12017212A00E351FB /* LaunchScreen.storyboard */; };
		F77593D62017212A00E351FB /* main.m in Sources */ = {isa = PBXBuildFile; fileRef = F77593D52017212A00E351FB /* main.m */; };
		F77593DF2017222E00E351FB /* CTMediator+B.m in Sources */ = {isa = PBXBuildFile; fileRef = F77593DE2017222E00E351FB /* CTMediator+B.m */; };
/* End PBXBuildFile section */

/* Begin PBXFileReference section */
		A1028D96A572D356656FD7B5 /* Pods-B_Category.debug.xcconfig */ = {isa = PBXFileReference; includeInIndex = 1; lastKnownFileType = text.xcconfig; name = "Pods-B_Category.debug.xcconfig"; path = "Pods/Target Support Files/Pods-B_Category/Pods-B_Category.debug.xcconfig"; sourceTree = "<group>"; };
		BCA13624DA1DD171792E5698 /* libPods-B_Category.a */ = {isa = PBXFileReference; explicitFileType = archive.ar; includeInIndex = 0; path = "libPods-B_Category.a"; sourceTree = BUILT_PRODUCTS_DIR; };
		BD5AE2FB60930CE7CE530C05 /* Pods-B_Category.release.xcconfig */ = {isa = PBXFileReference; includeInIndex = 1; lastKnownFileType = text.xcconfig; name = "Pods-B_Category.release.xcconfig"; path = "Pods/Target Support Files/Pods-B_Category/Pods-B_Category.release.xcconfig"; sourceTree = "<group>"; };
		F77593C32017212A00E351FB /* B_Category.app */ = {isa = PBXFileReference; explicitFileType = wrapper.application; includeInIndex = 0; path = B_Category.app; sourceTree = BUILT_PRODUCTS_DIR; };
		F77593C62017212A00E351FB /* AppDelegate.h */ = {isa = PBXFileReference; lastKnownFileType = sourcecode.c.h; path = AppDelegate.h; sourceTree = "<group>"; };
		F77593C72017212A00E351FB /* AppDelegate.m */ = {isa = PBXFileReference; lastKnownFileType = sourcecode.c.objc; path = AppDelegate.m; sourceTree = "<group>"; };
		F77593C92017212A00E351FB /* ViewController.h */ = {isa = PBXFileReference; lastKnownFileType = sourcecode.c.h; path = ViewController.h; sourceTree = "<group>"; };
		F77593CA2017212A00E351FB /* ViewController.m */ = {isa = PBXFileReference; lastKnownFileType = sourcecode.c.objc; path = ViewController.m; sourceTree = "<group>"; };
		F77593CD2017212A00E351FB /* Base */ = {isa = PBXFileReference; lastKnownFileType = file.storyboard; name = Base; path = Base.lproj/Main.storyboard; sourceTree = "<group>"; };
		F77593CF2017212A00E351FB /* Assets.xcassets */ = {isa = PBXFileReference; lastKnownFileType = folder.assetcatalog; path = Assets.xcassets; sourceTree = "<group>"; };
		F77593D22017212A00E351FB /* Base */ = {isa = PBXFileReference; lastKnownFileType = file.storyboard; name = Base; path = Base.lproj/LaunchScreen.storyboard; sourceTree = "<group>"; };
		F77593D42017212A00E351FB /* Info.plist */ = {isa = PBXFileReference; lastKnownFileType = text.plist.xml; path = Info.plist; sourceTree = "<group>"; };
		F77593D52017212A00E351FB /* main.m */ = {isa = PBXFileReference; lastKnownFileType = sourcecode.c.objc; path = main.m; sourceTree = "<group>"; };
		F77593DD2017222E00E351FB /* CTMediator+B.h */ = {isa = PBXFileReference; lastKnownFileType = sourcecode.c.h; path = "CTMediator+B.h"; sourceTree = "<group>"; };
		F77593DE2017222E00E351FB /* CTMediator+B.m */ = {isa = PBXFileReference; lastKnownFileType = sourcecode.c.objc; path = "CTMediator+B.m"; sourceTree = "<group>"; };
/* End PBXFileReference section */

/* Begin PBXFrameworksBuildPhase section */
		F77593C02017212A00E351FB /* Frameworks */ = {
			isa = PBXFrameworksBuildPhase;
			buildActionMask = 2147483647;
			files = (
				53964A0E765000DD799BD536 /* libPods-B_Category.a in Frameworks */,
			);
			runOnlyForDeploymentPostprocessing = 0;
		};
/* End PBXFrameworksBuildPhase section */

/* Begin PBXGroup section */
		6F9392B89E45D42CC06A6377 /* Frameworks */ = {
			isa = PBXGroup;
			children = (
				BCA13624DA1DD171792E5698 /* libPods-B_Category.a */,
			);
			name = Frameworks;
			sourceTree = "<group>";
		};
		C2139F4310B7CB09D84E58A3 /* Pods */ = {
			isa = PBXGroup;
			children = (
				A1028D96A572D356656FD7B5 /* Pods-B_Category.debug.xcconfig */,
				BD5AE2FB60930CE7CE530C05 /* Pods-B_Category.release.xcconfig */,
			);
			name = Pods;
			sourceTree = "<group>";
		};
		F77593BA2017212A00E351FB = {
			isa = PBXGroup;
			children = (
				F77593C52017212A00E351FB /* B_Category */,
				F77593C42017212A00E351FB /* Products */,
				C2139F4310B7CB09D84E58A3 /* Pods */,
				6F9392B89E45D42CC06A6377 /* Frameworks */,
			);
			sourceTree = "<group>";
		};
		F77593C42017212A00E351FB /* Products */ = {
			isa = PBXGroup;
			children = (
				F77593C32017212A00E351FB /* B_Category.app */,
			);
			name = Products;
			sourceTree = "<group>";
		};
		F77593C52017212A00E351FB /* B_Category */ = {
			isa = PBXGroup;
			children = (
				F77593DC2017220500E351FB /* B_Category */,
				F77593C62017212A00E351FB /* AppDelegate.h */,
				F77593C72017212A00E351FB /* AppDelegate.m */,
				F77593C92017212A00E351FB /* ViewController.h */,
				F77593CA2017212A00E351FB /* ViewController.m */,
				F77593CC2017212A00E351FB /* Main.storyboard */,
				F77593CF2017212A00E351FB /* Assets.xcassets */,
				F77593D12017212A00E351FB /* LaunchScreen.storyboard */,
				F77593D42017212A00E351FB /* Info.plist */,
				F77593D52017212A00E351FB /* main.m */,
			);
			path = B_Category;
			sourceTree = "<group>";
		};
		F77593DC2017220500E351FB /* B_Category */ = {
			isa = PBXGroup;
			children = (
				F77593DD2017222E00E351FB /* CTMediator+B.h */,
				F77593DE2017222E00E351FB /* CTMediator+B.m */,
			);
			path = B_Category;
			sourceTree = "<group>";
		};
/* End PBXGroup section */

/* Begin PBXNativeTarget section */
		F77593C22017212A00E351FB /* B_Category */ = {
			isa = PBXNativeTarget;
			buildConfigurationList = F77593D92017212A00E351FB /* Build configuration list for PBXNativeTarget "B_Category" */;
			buildPhases = (
				7DD3FADED50EF29A41D1E018 /* [CP] Check Pods Manifest.lock */,
				F77593BF2017212A00E351FB /* Sources */,
				F77593C02017212A00E351FB /* Frameworks */,
				F77593C12017212A00E351FB /* Resources */,
				1A8A624D83C761040744BDB1 /* [CP] Embed Pods Frameworks */,
				340985B0AC3D9AE843A8EDA7 /* [CP] Copy Pods Resources */,
			);
			buildRules = (
			);
			dependencies = (
			);
			name = B_Category;
			productName = B_Category;
			productReference = F77593C32017212A00E351FB /* B_Category.app */;
			productType = "com.apple.product-type.application";
		};
/* End PBXNativeTarget section */

/* Begin PBXProject section */
		F77593BB2017212A00E351FB /* Project object */ = {
			isa = PBXProject;
			attributes = {
				LastUpgradeCheck = 0900;
				ORGANIZATIONNAME = "Lemon Fan";
				TargetAttributes = {
					F77593C22017212A00E351FB = {
						CreatedOnToolsVersion = 9.0;
						ProvisioningStyle = Automatic;
					};
				};
			};
			buildConfigurationList = F77593BE2017212A00E351FB /* Build configuration list for PBXProject "B_Category" */;
			compatibilityVersion = "Xcode 8.0";
			developmentRegion = en;
			hasScannedForEncodings = 0;
			knownRegions = (
				en,
				Base,
			);
			mainGroup = F77593BA2017212A00E351FB;
			productRefGroup = F77593C42017212A00E351FB /* Products */;
			projectDirPath = "";
			projectRoot = "";
			targets = (
				F77593C22017212A00E351FB /* B_Category */,
			);
		};
/* End PBXProject section */

/* Begin PBXResourcesBuildPhase section */
		F77593C12017212A00E351FB /* Resources */ = {
			isa = PBXResourcesBuildPhase;
			buildActionMask = 2147483647;
			files = (
				F77593D32017212A00E351FB /* LaunchScreen.storyboard in Resources */,
				F77593D02017212A00E351FB /* Assets.xcassets in Resources */,
				F77593CE2017212A00E351FB /* Main.storyboard in Resources */,
			);
			runOnlyForDeploymentPostprocessing = 0;
		};
/* End PBXResourcesBuildPhase section */

/* Begin PBXShellScriptBuildPhase section */
		1A8A624D83C761040744BDB1 /* [CP] Embed Pods Frameworks */ = {
			isa = PBXShellScriptBuildPhase;
			buildActionMask = 2147483647;
			files = (
			);
			inputPaths = (
			);
			name = "[CP] Embed Pods Frameworks";
			outputPaths = (
			);
			runOnlyForDeploymentPostprocessing = 0;
			shellPath = /bin/sh;
			shellScript = "\"${SRCROOT}/Pods/Target Support Files/Pods-B_Category/Pods-B_Category-frameworks.sh\"\n";
			showEnvVarsInLog = 0;
		};
		340985B0AC3D9AE843A8EDA7 /* [CP] Copy Pods Resources */ = {
			isa = PBXShellScriptBuildPhase;
			buildActionMask = 2147483647;
			files = (
			);
			inputPaths = (
			);
			name = "[CP] Copy Pods Resources";
			outputPaths = (
			);
			runOnlyForDeploymentPostprocessing = 0;
			shellPath = /bin/sh;
			shellScript = "\"${SRCROOT}/Pods/Target Support Files/Pods-B_Category/Pods-B_Category-resources.sh\"\n";
			showEnvVarsInLog = 0;
		};
		7DD3FADED50EF29A41D1E018 /* [CP] Check Pods Manifest.lock */ = {
			isa = PBXShellScriptBuildPhase;
			buildActionMask = 2147483647;
			files = (
			);
			inputPaths = (
				"${PODS_PODFILE_DIR_PATH}/Podfile.lock",
				"${PODS_ROOT}/Manifest.lock",
			);
			name = "[CP] Check Pods Manifest.lock";
			outputPaths = (
				"$(DERIVED_FILE_DIR)/Pods-B_Category-checkManifestLockResult.txt",
			);
			runOnlyForDeploymentPostprocessing = 0;
			shellPath = /bin/sh;
			shellScript = "diff \"${PODS_PODFILE_DIR_PATH}/Podfile.lock\" \"${PODS_ROOT}/Manifest.lock\" > /dev/null\nif [ $? != 0 ] ; then\n    # print error to STDERR\n    echo \"error: The sandbox is not in sync with the Podfile.lock. Run 'pod install' or update your CocoaPods installation.\" >&2\n    exit 1\nfi\n# This output is used by Xcode 'outputs' to avoid re-running this script phase.\necho \"SUCCESS\" > \"${SCRIPT_OUTPUT_FILE_0}\"\n";
			showEnvVarsInLog = 0;
		};
/* End PBXShellScriptBuildPhase section */

/* Begin PBXSourcesBuildPhase section */
		F77593BF2017212A00E351FB /* Sources */ = {
			isa = PBXSourcesBuildPhase;
			buildActionMask = 2147483647;
			files = (
				F77593CB2017212A00E351FB /* ViewController.m in Sources */,
				F77593D62017212A00E351FB /* main.m in Sources */,
				F77593DF2017222E00E351FB /* CTMediator+B.m in Sources */,
				F77593C82017212A00E351FB /* AppDelegate.m in Sources */,
			);
			runOnlyForDeploymentPostprocessing = 0;
		};
/* End PBXSourcesBuildPhase section */

/* Begin PBXVariantGroup section */
		F77593CC2017212A00E351FB /* Main.storyboard */ = {
			isa = PBXVariantGroup;
			children = (
				F77593CD2017212A00E351FB /* Base */,
			);
			name = Main.storyboard;
			sourceTree = "<group>";
		};
		F77593D12017212A00E351FB /* LaunchScreen.storyboard */ = {
			isa = PBXVariantGroup;
			children = (
				F77593D22017212A00E351FB /* Base */,
			);
			name = LaunchScreen.storyboard;
			sourceTree = "<group>";
		};
/* End PBXVariantGroup section */

/* Begin XCBuildConfiguration section */
		F77593D72017212A00E351FB /* Debug */ = {
			isa = XCBuildConfiguration;
			buildSettings = {
				ALWAYS_SEARCH_USER_PATHS = NO;
				CLANG_ANALYZER_NONNULL = YES;
				CLANG_ANALYZER_NUMBER_OBJECT_CONVERSION = YES_AGGRESSIVE;
				CLANG_CXX_LANGUAGE_STANDARD = "gnu++14";
				CLANG_CXX_LIBRARY = "libc++";
				CLANG_ENABLE_MODULES = YES;
				CLANG_ENABLE_OBJC_ARC = YES;
				CLANG_WARN_BLOCK_CAPTURE_AUTORELEASING = YES;
				CLANG_WARN_BOOL_CONVERSION = YES;
				CLANG_WARN_COMMA = YES;
				CLANG_WARN_CONSTANT_CONVERSION = YES;
				CLANG_WARN_DIRECT_OBJC_ISA_USAGE = YES_ERROR;
				CLANG_WARN_DOCUMENTATION_COMMENTS = YES;
				CLANG_WARN_EMPTY_BODY = YES;
				CLANG_WARN_ENUM_CONVERSION = YES;
				CLANG_WARN_INFINITE_RECURSION = YES;
				CLANG_WARN_INT_CONVERSION = YES;
				CLANG_WARN_NON_LITERAL_NULL_CONVERSION = YES;
				CLANG_WARN_OBJC_LITERAL_CONVERSION = YES;
				CLANG_WARN_OBJC_ROOT_CLASS = YES_ERROR;
				CLANG_WARN_RANGE_LOOP_ANALYSIS = YES;
				CLANG_WARN_STRICT_PROTOTYPES = YES;
				CLANG_WARN_SUSPICIOUS_MOVE = YES;
				CLANG_WARN_UNGUARDED_AVAILABILITY = YES_AGGRESSIVE;
				CLANG_WARN_UNREACHABLE_CODE = YES;
				CLANG_WARN__DUPLICATE_METHOD_MATCH = YES;
				CODE_SIGN_IDENTITY = "iPhone Developer";
				COPY_PHASE_STRIP = NO;
				DEBUG_INFORMATION_FORMAT = dwarf;
				ENABLE_STRICT_OBJC_MSGSEND = YES;
				ENABLE_TESTABILITY = YES;
				GCC_C_LANGUAGE_STANDARD = gnu11;
				GCC_DYNAMIC_NO_PIC = NO;
				GCC_NO_COMMON_BLOCKS = YES;
				GCC_OPTIMIZATION_LEVEL = 0;
				GCC_PREPROCESSOR_DEFINITIONS = (
					"DEBUG=1",
					"$(inherited)",
				);
				GCC_WARN_64_TO_32_BIT_CONVERSION = YES;
				GCC_WARN_ABOUT_RETURN_TYPE = YES_ERROR;
				GCC_WARN_UNDECLARED_SELECTOR = YES;
				GCC_WARN_UNINITIALIZED_AUTOS = YES_AGGRESSIVE;
				GCC_WARN_UNUSED_FUNCTION = YES;
				GCC_WARN_UNUSED_VARIABLE = YES;
				IPHONEOS_DEPLOYMENT_TARGET = 11.0;
				MTL_ENABLE_DEBUG_INFO = YES;
				ONLY_ACTIVE_ARCH = YES;
				SDKROOT = iphoneos;
			};
			name = Debug;
		};
		F77593D82017212A00E351FB /* Release */ = {
			isa = XCBuildConfiguration;
			buildSettings = {
				ALWAYS_SEARCH_USER_PATHS = NO;
				CLANG_ANALYZER_NONNULL = YES;
				CLANG_ANALYZER_NUMBER_OBJECT_CONVERSION = YES_AGGRESSIVE;
				CLANG_CXX_LANGUAGE_STANDARD = "gnu++14";
				CLANG_CXX_LIBRARY = "libc++";
				CLANG_ENABLE_MODULES = YES;
				CLANG_ENABLE_OBJC_ARC = YES;
				CLANG_WARN_BLOCK_CAPTURE_AUTORELEASING = YES;
				CLANG_WARN_BOOL_CONVERSION = YES;
				CLANG_WARN_COMMA = YES;
				CLANG_WARN_CONSTANT_CONVERSION = YES;
				CLANG_WARN_DIRECT_OBJC_ISA_USAGE = YES_ERROR;
				CLANG_WARN_DOCUMENTATION_COMMENTS = YES;
				CLANG_WARN_EMPTY_BODY = YES;
				CLANG_WARN_ENUM_CONVERSION = YES;
				CLANG_WARN_INFINITE_RECURSION = YES;
				CLANG_WARN_INT_CONVERSION = YES;
				CLANG_WARN_NON_LITERAL_NULL_CONVERSION = YES;
				CLANG_WARN_OBJC_LITERAL_CONVERSION = YES;
				CLANG_WARN_OBJC_ROOT_CLASS = YES_ERROR;
				CLANG_WARN_RANGE_LOOP_ANALYSIS = YES;
				CLANG_WARN_STRICT_PROTOTYPES = YES;
				CLANG_WARN_SUSPICIOUS_MOVE = YES;
				CLANG_WARN_UNGUARDED_AVAILABILITY = YES_AGGRESSIVE;
				CLANG_WARN_UNREACHABLE_CODE = YES;
				CLANG_WARN__DUPLICATE_METHOD_MATCH = YES;
				CODE_SIGN_IDENTITY = "iPhone Developer";
				COPY_PHASE_STRIP = NO;
				DEBUG_INFORMATION_FORMAT = "dwarf-with-dsym";
				ENABLE_NS_ASSERTIONS = NO;
				ENABLE_STRICT_OBJC_MSGSEND = YES;
				GCC_C_LANGUAGE_STANDARD = gnu11;
				GCC_NO_COMMON_BLOCKS = YES;
				GCC_WARN_64_TO_32_BIT_CONVERSION = YES;
				GCC_WARN_ABOUT_RETURN_TYPE = YES_ERROR;
				GCC_WARN_UNDECLARED_SELECTOR = YES;
				GCC_WARN_UNINITIALIZED_AUTOS = YES_AGGRESSIVE;
				GCC_WARN_UNUSED_FUNCTION = YES;
				GCC_WARN_UNUSED_VARIABLE = YES;
				IPHONEOS_DEPLOYMENT_TARGET = 11.0;
				MTL_ENABLE_DEBUG_INFO = NO;
				SDKROOT = iphoneos;
				VALIDATE_PRODUCT = YES;
			};
			name = Release;
		};
		F77593DA2017212A00E351FB /* Debug */ = {
			isa = XCBuildConfiguration;
			baseConfigurationReference = A1028D96A572D356656FD7B5 /* Pods-B_Category.debug.xcconfig */;
			buildSettings = {
				ASSETCATALOG_COMPILER_APPICON_NAME = AppIcon;
				CODE_SIGN_STYLE = Automatic;
				INFOPLIST_FILE = B_Category/Info.plist;
				LD_RUNPATH_SEARCH_PATHS = "$(inherited) @executable_path/Frameworks";
				PRODUCT_BUNDLE_IDENTIFIER = "lemon.B-Category";
				PRODUCT_NAME = "$(TARGET_NAME)";
				TARGETED_DEVICE_FAMILY = "1,2";
			};
			name = Debug;
		};
		F77593DB2017212A00E351FB /* Release */ = {
			isa = XCBuildConfiguration;
			baseConfigurationReference = BD5AE2FB60930CE7CE530C05 /* Pods-B_Category.release.xcconfig */;
			buildSettings = {
				ASSETCATALOG_COMPILER_APPICON_NAME = AppIcon;
				CODE_SIGN_STYLE = Automatic;
				INFOPLIST_FILE = B_Category/Info.plist;
				LD_RUNPATH_SEARCH_PATHS = "$(inherited) @executable_path/Frameworks";
				PRODUCT_BUNDLE_IDENTIFIER = "lemon.B-Category";
				PRODUCT_NAME = "$(TARGET_NAME)";
				TARGETED_DEVICE_FAMILY = "1,2";
			};
			name = Release;
		};
/* End XCBuildConfiguration section */

/* Begin XCConfigurationList section */
		F77593BE2017212A00E351FB /* Build configuration list for PBXProject "B_Category" */ = {
			isa = XCConfigurationList;
			buildConfigurations = (
				F77593D72017212A00E351FB /* Debug */,
				F77593D82017212A00E351FB /* Release */,
			);
			defaultConfigurationIsVisible = 0;
			defaultConfigurationName = Release;
		};
		F77593D92017212A00E351FB /* Build configuration list for PBXNativeTarget "B_Category" */ = {
			isa = XCConfigurationList;
			buildConfigurations = (
				F77593DA2017212A00E351FB /* Debug */,
				F77593DB2017212A00E351FB /* Release */,
			);
			defaultConfigurationIsVisible = 0;
			defaultConfigurationName = Release;
		};
/* End XCConfigurationList section */
	};
	rootObject = F77593BB2017212A00E351FB /* Project object */;
}
